
Microsoft Visual Studio Solution File, Format Version 12.00
# Visual Studio Version 17
VisualStudioVersion = 17.4.33213.308
MinimumVisualStudioVersion = 10.0.40219.1
Project("{9A19103F-16F7-4668-BE54-9A1E7A4F7556}") = "HW_6_4_IdentityServer", "HW_6_4_IdentityServer.csproj", "{E782D1C8-E1EE-47BC-8011-92985CBEA4B7}"
EndProject
Project("{9A19103F-16F7-4668-BE54-9A1E7A4F7556}") = "HW_6_1_WebApi(copy)", "..\HW_6_1_WebApi(copy)\HW_6_1_WebApi(copy).csproj", "{482B5E4D-9262-43A4-9614-EDF689601352}"
EndProject
Global
	GlobalSection(SolutionConfigurationPlatforms) = preSolution
		Debug|Any CPU = Debug|Any CPU
		Release|Any CPU = Release|Any CPU
	EndGlobalSection
	GlobalSection(ProjectConfigurationPlatforms) = postSolution
		{E782D1C8-E1EE-47BC-8011-92985CBEA4B7}.Debug|Any CPU.ActiveCfg = Debug|Any CPU
		{E782D1C8-E1EE-47BC-8011-92985CBEA4B7}.Debug|Any CPU.Build.0 = Debug|Any CPU
		{E782D1C8-E1EE-47BC-8011-92985CBEA4B7}.Release|Any CPU.ActiveCfg = Release|Any CPU
		{E782D1C8-E1EE-47BC-8011-92985CBEA4B7}.Release|Any CPU.Build.0 = Release|Any CPU
		{482B5E4D-9262-43A4-9614-EDF689601352}.Debug|Any CPU.ActiveCfg = Debug|Any CPU
		{482B5E4D-9262-43A4-9614-EDF689601352}.Debug|Any CPU.Build.0 = Debug|Any CPU
		{482B5E4D-9262-43A4-9614-EDF689601352}.Release|Any CPU.ActiveCfg = Release|Any CPU
		{482B5E4D-9262-43A4-9614-EDF689601352}.Release|Any CPU.Build.0 = Release|Any CPU
	EndGlobalSection
	GlobalSection(SolutionProperties) = preSolution
		HideSolutionNode = FALSE
	EndGlobalSection
	GlobalSection(ExtensibilityGlobals) = postSolution
		SolutionGuid = {3D50142B-71B2-4B3A-94F4-D69E1D3B097B}
	EndGlobalSection
EndGlobal
