
Microsoft Visual Studio Solution File, Format Version 12.00
# Visual Studio Version 17
VisualStudioVersion = 17.4.33213.308
MinimumVisualStudioVersion = 10.0.40219.1
Project("{FAE04EC0-301F-11D3-BF4B-00C04F79EFBC}") = "HW_6_1_WebApi", "HW_6_1_WebApi.csproj", "{E048D182-DF71-49CC-86D6-F4E00D614795}"
EndProject
Global
	GlobalSection(SolutionConfigurationPlatforms) = preSolution
		Debug|Any CPU = Debug|Any CPU
		Release|Any CPU = Release|Any CPU
	EndGlobalSection
	GlobalSection(ProjectConfigurationPlatforms) = postSolution
		{E048D182-DF71-49CC-86D6-F4E00D614795}.Debug|Any CPU.ActiveCfg = Debug|Any CPU
		{E048D182-DF71-49CC-86D6-F4E00D614795}.Debug|Any CPU.Build.0 = Debug|Any CPU
		{E048D182-DF71-49CC-86D6-F4E00D614795}.Release|Any CPU.ActiveCfg = Release|Any CPU
		{E048D182-DF71-49CC-86D6-F4E00D614795}.Release|Any CPU.Build.0 = Release|Any CPU
	EndGlobalSection
	GlobalSection(SolutionProperties) = preSolution
		HideSolutionNode = FALSE
	EndGlobalSection
	GlobalSection(ExtensibilityGlobals) = postSolution
		SolutionGuid = {AA18F106-596E-476E-9DED-BB9BB9A33E4F}
	EndGlobalSection
EndGlobal
